
Microsoft Visual Studio Solution File, Format Version 12.00
# Visual Studio Version 17
VisualStudioVersion = 17.14.36401.2 d17.14
MinimumVisualStudioVersion = 10.0.40219.1
Project("{FAE04EC0-301F-11D3-BF4B-00C04F79EFBC}") = "WebApp", "WebApp\WebApp.csproj", "{317D2D09-82D6-4006-8BC7-9C1126F9E817}"
EndProject
Global
	GlobalSection(SolutionConfigurationPlatforms) = preSolution
		Debug|Any CPU = Debug|Any CPU
		Release|Any CPU = Release|Any CPU
	EndGlobalSection
	GlobalSection(ProjectConfigurationPlatforms) = postSolution
		{317D2D09-82D6-4006-8BC7-9C1126F9E817}.Debug|Any CPU.ActiveCfg = Debug|Any CPU
		{317D2D09-82D6-4006-8BC7-9C1126F9E817}.Debug|Any CPU.Build.0 = Debug|Any CPU
		{317D2D09-82D6-4006-8BC7-9C1126F9E817}.Release|Any CPU.ActiveCfg = Release|Any CPU
		{317D2D09-82D6-4006-8BC7-9C1126F9E817}.Release|Any CPU.Build.0 = Release|Any CPU
	EndGlobalSection
	GlobalSection(SolutionProperties) = preSolution
		HideSolutionNode = FALSE
	EndGlobalSection
	GlobalSection(ExtensibilityGlobals) = postSolution
		SolutionGuid = {7DAA30CA-F935-4BBE-AA29-4A3EAFA04146}
	EndGlobalSection
EndGlobal
